<?xml version="1.0" encoding="utf-8"?>
<Project ToolsVersion="4.0" xmlns="http://schemas.microsoft.com/developer/msbuild/2003">
  <ItemGroup>
    <Filter Include="Resource Files">
      <UniqueIdentifier>{67DA6AB6-F800-4c08-8B7A-83BB121AAD01}</UniqueIdentifier>
      <Extensions>rc;ico;cur;bmp;dlg;rc2;rct;bin;rgs;gif;jpg;jpeg;jpe;resx;tiff;tif;png;wav;mfcribbon-ms</Extensions>
    </Filter>
    <Filter Include="Source Files">
      <UniqueIdentifier>{cd842655-94ad-4d23-a1f6-c2734c83e221}</UniqueIdentifier>
    </Filter>
    <Filter Include="Header Files">
      <UniqueIdentifier>{e713127e-392c-4444-96e8-9bb48c8f4f4d}</UniqueIdentifier>
    </Filter>
    <Filter Include="Source Files\Maths">
      <UniqueIdentifier>{900d905f-85dd-420d-973e-dc655d9f92b5}</UniqueIdentifier>
    </Filter>
    <Filter Include="Header Files\Maths">
      <UniqueIdentifier>{de9d0b1f-7e55-40b9-9b90-145c96ab185b}</UniqueIdentifier>
    </Filter>
    <Filter Include="Header Files\Graphics">
      <UniqueIdentifier>{c83ad39b-988d-4ace-8d50-821907f8aac2}</UniqueIdentifier>
    </Filter>
    <Filter Include="Source Files\Graphics">
      <UniqueIdentifier>{eeced3cd-4b16-4927-a383-d27031f5ab1a}</UniqueIdentifier>
    </Filter>
    <Filter Include="Header Files\Utilities">
      <UniqueIdentifier>{95330a15-17ec-494d-8fb2-ad9186d34b2e}</UniqueIdentifier>
    </Filter>
    <Filter Include="Source Files\Graphics\Renderers">
      <UniqueIdentifier>{0da24a79-d4a0-456f-8fd0-8974f7826273}</UniqueIdentifier>
    </Filter>
    <Filter Include="Source Files\Graphics\Buffers">
      <UniqueIdentifier>{6e55808e-1c58-43d9-9e79-65717f3d73a6}</UniqueIdentifier>
    </Filter>
    <Filter Include="Source Files\Graphics\Layers">
      <UniqueIdentifier>{97fb64f6-a03d-4b64-a240-fe5713ca5707}</UniqueIdentifier>
    </Filter>
    <Filter Include="Header Files\Graphics\Buffers">
      <UniqueIdentifier>{a49c5fd2-ea80-4d15-aace-8cfabc22756c}</UniqueIdentifier>
    </Filter>
    <Filter Include="Header Files\Graphics\Layers">
      <UniqueIdentifier>{c0216f49-7ecf-4fc7-b5b8-64d774d74fe4}</UniqueIdentifier>
    </Filter>
    <Filter Include="Source Files\Graphics\Renderables">
      <UniqueIdentifier>{b5955377-452a-45ed-90f6-a34f9f52b924}</UniqueIdentifier>
    </Filter>
    <Filter Include="Header Files\Graphics\Renderables">
      <UniqueIdentifier>{4dcb5038-618c-4224-8937-9e98ee93e5c0}</UniqueIdentifier>
    </Filter>
    <Filter Include="Header Files\Graphics\Renderers">
      <UniqueIdentifier>{5384700a-94c2-4a9c-9400-032be1604019}</UniqueIdentifier>
    </Filter>
    <Filter Include="Source Files\Network">
      <UniqueIdentifier>{f594b556-3bae-44af-87a2-380f4ef3f239}</UniqueIdentifier>
    </Filter>
    <Filter Include="Header Files\Network">
      <UniqueIdentifier>{69b69ec5-c5b7-44e4-89a4-5c0b43057505}</UniqueIdentifier>
    </Filter>
    <Filter Include="Source Files\Entities">
      <UniqueIdentifier>{4186ef7c-c7d1-4a6a-a3de-61694bc096dd}</UniqueIdentifier>
    </Filter>
    <Filter Include="Header Files\Entities">
      <UniqueIdentifier>{e102d447-f505-44af-9659-d44e8c9d76c6}</UniqueIdentifier>
    </Filter>
  </ItemGroup>
  <ItemGroup>
    <ClCompile Include="Source\Graphics\Window.cpp">
      <Filter>Source Files\Graphics</Filter>
    </ClCompile>
    <ClCompile Include="Source\Game.cpp">
      <Filter>Source Files</Filter>
    </ClCompile>
    <ClCompile Include="Source\Graphics\Renderers\2D\BatchRenderer2D.cpp">
      <Filter>Source Files\Graphics\Renderers</Filter>
    </ClCompile>
    <ClCompile Include="Source\Graphics\Renderers\2D\SimpleRenderer2D.cpp">
      <Filter>Source Files\Graphics\Renderers</Filter>
    </ClCompile>
    <ClCompile Include="Source\Graphics\buffers\Buffer.cpp">
      <Filter>Source Files\Graphics\Buffers</Filter>
    </ClCompile>
    <ClCompile Include="Source\Graphics\buffers\IndexBuffer.cpp">
      <Filter>Source Files\Graphics\Buffers</Filter>
    </ClCompile>
    <ClCompile Include="Source\Graphics\buffers\VertexArray.cpp">
      <Filter>Source Files\Graphics\Buffers</Filter>
    </ClCompile>
    <ClCompile Include="Source\Graphics\Sprite.cpp">
      <Filter>Source Files\Graphics\Renderables</Filter>
    </ClCompile>
    <ClCompile Include="Source\Graphics\StaticSprite.cpp">
      <Filter>Source Files\Graphics\Renderables</Filter>
    </ClCompile>
    <ClCompile Include="Source\Graphics\Texture.cpp">
      <Filter>Source Files\Graphics\Renderables</Filter>
    </ClCompile>
    <ClCompile Include="Source\Graphics\Layers\Layer.cpp">
      <Filter>Source Files\Graphics\Layers</Filter>
    </ClCompile>
    <ClCompile Include="Source\Graphics\Layers\Group.cpp">
      <Filter>Source Files\Graphics\Layers</Filter>
    </ClCompile>
    <ClCompile Include="Source\Graphics\Layers\TileLayer.cpp">
      <Filter>Source Files\Graphics\Layers</Filter>
    </ClCompile>
    <ClCompile Include="Source\Graphics\Shader.cpp">
      <Filter>Source Files\Graphics</Filter>
    </ClCompile>
    <ClCompile Include="Source\Maths\Matrix4.cpp">
      <Filter>Source Files\Maths</Filter>
    </ClCompile>
    <ClCompile Include="Source\Maths\Vector2.cpp">
      <Filter>Source Files\Maths</Filter>
    </ClCompile>
    <ClCompile Include="Source\Maths\Vector3.cpp">
      <Filter>Source Files\Maths</Filter>
    </ClCompile>
    <ClCompile Include="Source\Maths\Vector4.cpp">
      <Filter>Source Files\Maths</Filter>
    </ClCompile>
    <ClCompile Include="Source\Network\Client.cpp">
      <Filter>Source Files\Network</Filter>
    </ClCompile>
    <ClCompile Include="Source\Graphics\Quaternion.cpp">
      <Filter>Source Files\Graphics</Filter>
    </ClCompile>
    <ClCompile Include="Source\Entities\Bullet.cpp">
      <Filter>Source Files\Entities</Filter>
    </ClCompile>
    <ClCompile Include="Source\Graphics\label.cpp">
      <Filter>Source Files\Graphics\Renderables</Filter>
    </ClCompile>
    <ClCompile Include="src\graphics\camera.cpp" />
  </ItemGroup>
  <ItemGroup>
    <ClInclude Include="Source\Utilities\File.h">
      <Filter>Header Files\Utilities</Filter>
    </ClInclude>
    <ClInclude Include="Source\Maths\Maths.h">
      <Filter>Header Files\Maths</Filter>
    </ClInclude>
    <ClInclude Include="Source\Maths\Matrix4.h">
      <Filter>Header Files\Maths</Filter>
    </ClInclude>
    <ClInclude Include="Source\Maths\Vector2.h">
      <Filter>Header Files\Maths</Filter>
    </ClInclude>
    <ClInclude Include="Source\Maths\Vector3.h">
      <Filter>Header Files\Maths</Filter>
    </ClInclude>
    <ClInclude Include="Source\Maths\Vector4.h">
      <Filter>Header Files\Maths</Filter>
    </ClInclude>
    <ClInclude Include="Source\Graphics\Shader.h">
      <Filter>Header Files\Graphics</Filter>
    </ClInclude>
    <ClInclude Include="Source\Graphics\Window.h">
      <Filter>Header Files\Graphics</Filter>
    </ClInclude>
    <ClInclude Include="Source\Utilities\Timestep.h">
      <Filter>Header Files\Utilities</Filter>
    </ClInclude>
    <ClInclude Include="Source\Augiwne.h">
      <Filter>Header Files</Filter>
    </ClInclude>
    <ClInclude Include="Source\Utilities\Image.h">
      <Filter>Header Files\Utilities</Filter>
    </ClInclude>
    <ClInclude Include="Source\System.h">
      <Filter>Header Files</Filter>
    </ClInclude>
    <ClInclude Include="Source\Utilities\StopWatch.h">
      <Filter>Header Files\Utilities</Filter>
    </ClInclude>
    <ClInclude Include="Source\Graphics\buffers\Buffer.h">
      <Filter>Header Files\Graphics\Buffers</Filter>
    </ClInclude>
    <ClInclude Include="Source\Graphics\buffers\IndexBuffer.h">
      <Filter>Header Files\Graphics\Buffers</Filter>
    </ClInclude>
    <ClInclude Include="Source\Graphics\buffers\VertexArray.h">
      <Filter>Header Files\Graphics\Buffers</Filter>
    </ClInclude>
    <ClInclude Include="Source\Graphics\Layers\Group.h">
      <Filter>Header Files\Graphics\Layers</Filter>
    </ClInclude>
    <ClInclude Include="Source\Graphics\Layers\Layer.h">
      <Filter>Header Files\Graphics\Layers</Filter>
    </ClInclude>
    <ClInclude Include="Source\Graphics\Layers\TileLayer.h">
      <Filter>Header Files\Graphics\Layers</Filter>
    </ClInclude>
    <ClInclude Include="Source\Graphics\Renderers\2D\Renderable2D.h">
      <Filter>Header Files\Graphics\Renderables</Filter>
    </ClInclude>
    <ClInclude Include="Source\Graphics\Renderers\2D\Renderer2D.h">
      <Filter>Header Files\Graphics\Renderables</Filter>
    </ClInclude>
    <ClInclude Include="Source\Graphics\Sprite.h">
      <Filter>Header Files\Graphics\Renderables</Filter>
    </ClInclude>
    <ClInclude Include="Source\Graphics\Texture.h">
      <Filter>Header Files\Graphics\Renderables</Filter>
    </ClInclude>
    <ClInclude Include="Source\Graphics\StaticSprite.h">
      <Filter>Header Files\Graphics\Renderables</Filter>
    </ClInclude>
    <ClInclude Include="Source\Graphics\Renderers\2D\BatchRenderer2D.h">
      <Filter>Header Files\Graphics\Renderers</Filter>
    </ClInclude>
    <ClInclude Include="Source\Graphics\Renderers\2D\SimpleRenderer2D.h">
      <Filter>Header Files\Graphics\Renderers</Filter>
    </ClInclude>
    <ClInclude Include="Source\Network\Client.h">
      <Filter>Header Files\Network</Filter>
    </ClInclude>
    <ClInclude Include="Source\Graphics\Quaternion.h">
      <Filter>Header Files\Graphics</Filter>
    </ClInclude>
    <ClInclude Include="Source\Entities\Bullet.h">
      <Filter>Header Files\Entities</Filter>
    </ClInclude>
    <ClInclude Include="Source\Entities\Entity.h">
      <Filter>Header Files\Entities</Filter>
    </ClInclude>
    <ClInclude Include="Source\Graphics\label.h">
      <Filter>Header Files\Graphics\Renderables</Filter>
    </ClInclude>
    <ClInclude Include="src\graphics\camera.h" />
  </ItemGroup>
</Project>